
Microsoft Visual Studio Solution File, Format Version 12.00
# Visual Studio Version 16
VisualStudioVersion = 16.0.30320.27
MinimumVisualStudioVersion = 10.0.40219.1
Project("{FAE04EC0-301F-11D3-BF4B-00C04F79EFBC}") = "SpaceInvaders", "LaboratoryMain\SpaceInvaders.csproj", "{B039169A-7C63-4B82-BD7F-6A8A6949190D}"
EndProject
Project("{F2A71F9B-5D33-465A-A702-920D77279786}") = "Fractals", "Fractals\Fractals.fsproj", "{8D6313B9-417E-4869-9190-D030F4F87866}"
EndProject
Global
	GlobalSection(SolutionConfigurationPlatforms) = preSolution
		Debug|Any CPU = Debug|Any CPU
		Release|Any CPU = Release|Any CPU
	EndGlobalSection
	GlobalSection(ProjectConfigurationPlatforms) = postSolution
		{B039169A-7C63-4B82-BD7F-6A8A6949190D}.Debug|Any CPU.ActiveCfg = Debug|Any CPU
		{B039169A-7C63-4B82-BD7F-6A8A6949190D}.Debug|Any CPU.Build.0 = Debug|Any CPU
		{B039169A-7C63-4B82-BD7F-6A8A6949190D}.Release|Any CPU.ActiveCfg = Release|Any CPU
		{B039169A-7C63-4B82-BD7F-6A8A6949190D}.Release|Any CPU.Build.0 = Release|Any CPU
		{8D6313B9-417E-4869-9190-D030F4F87866}.Debug|Any CPU.ActiveCfg = Debug|Any CPU
		{8D6313B9-417E-4869-9190-D030F4F87866}.Debug|Any CPU.Build.0 = Debug|Any CPU
		{8D6313B9-417E-4869-9190-D030F4F87866}.Release|Any CPU.ActiveCfg = Release|Any CPU
		{8D6313B9-417E-4869-9190-D030F4F87866}.Release|Any CPU.Build.0 = Release|Any CPU
	EndGlobalSection
	GlobalSection(SolutionProperties) = preSolution
		HideSolutionNode = FALSE
	EndGlobalSection
	GlobalSection(ExtensibilityGlobals) = postSolution
		SolutionGuid = {FB9014E4-DF2F-4394-B4F1-DD79BE641279}
	EndGlobalSection
EndGlobal
